
Microsoft Visual Studio Solution File, Format Version 12.00
Project("{FAE04EC0-301F-11D3-BF4B-00C04F79EFBC}") = "MonitorLights.UI", "MonitorLights.UI\MonitorLights.UI.csproj", "{3D36454E-BD6D-4CA3-A1A4-9CEDCBECC53B}"
EndProject
Project("{FAE04EC0-301F-11D3-BF4B-00C04F79EFBC}") = "MonitorLights.Backend", "MonitorLights.Backend\MonitorLights.Backend.csproj", "{ED2F6FF7-74CD-4D5A-B061-351897CA85A1}"
EndProject
Global
	GlobalSection(SolutionConfigurationPlatforms) = preSolution
		Debug|Any CPU = Debug|Any CPU
		Release|Any CPU = Release|Any CPU
	EndGlobalSection
	GlobalSection(ProjectConfigurationPlatforms) = postSolution
		{3D36454E-BD6D-4CA3-A1A4-9CEDCBECC53B}.Debug|Any CPU.ActiveCfg = Debug|Any CPU
		{3D36454E-BD6D-4CA3-A1A4-9CEDCBECC53B}.Debug|Any CPU.Build.0 = Debug|Any CPU
		{3D36454E-BD6D-4CA3-A1A4-9CEDCBECC53B}.Release|Any CPU.ActiveCfg = Release|Any CPU
		{3D36454E-BD6D-4CA3-A1A4-9CEDCBECC53B}.Release|Any CPU.Build.0 = Release|Any CPU
		{ED2F6FF7-74CD-4D5A-B061-351897CA85A1}.Debug|Any CPU.ActiveCfg = Debug|Any CPU
		{ED2F6FF7-74CD-4D5A-B061-351897CA85A1}.Debug|Any CPU.Build.0 = Debug|Any CPU
		{ED2F6FF7-74CD-4D5A-B061-351897CA85A1}.Release|Any CPU.ActiveCfg = Release|Any CPU
		{ED2F6FF7-74CD-4D5A-B061-351897CA85A1}.Release|Any CPU.Build.0 = Release|Any CPU
	EndGlobalSection
EndGlobal
